
Microsoft Visual Studio Solution File, Format Version 12.00
# Visual Studio Version 17
VisualStudioVersion = 17.3.32825.248
MinimumVisualStudioVersion = 10.0.40219.1
Project("{8BC9CEB8-8B4A-11D0-8D11-00A0C91BC942}") = "Lab1", "Labs\Labs.vcxproj", "{277C73BB-A7FC-4F6F-A7B0-382767134D58}"
EndProject
Project("{8BC9CEB8-8B4A-11D0-8D11-00A0C91BC942}") = "Lab2", "Lab2\Lab2.vcxproj", "{FF092F02-AC4F-4E08-BDB8-1D330A5FDB11}"
EndProject
Global
	GlobalSection(SolutionConfigurationPlatforms) = preSolution
		Debug|Any CPU = Debug|Any CPU
		Debug|x64 = Debug|x64
		Debug|x86 = Debug|x86
		Release|Any CPU = Release|Any CPU
		Release|x64 = Release|x64
		Release|x86 = Release|x86
	EndGlobalSection
	GlobalSection(ProjectConfigurationPlatforms) = postSolution
		{277C73BB-A7FC-4F6F-A7B0-382767134D58}.Debug|Any CPU.ActiveCfg = Debug|x64
		{277C73BB-A7FC-4F6F-A7B0-382767134D58}.Debug|Any CPU.Build.0 = Debug|x64
		{277C73BB-A7FC-4F6F-A7B0-382767134D58}.Debug|x64.ActiveCfg = Debug|x64
		{277C73BB-A7FC-4F6F-A7B0-382767134D58}.Debug|x64.Build.0 = Debug|x64
		{277C73BB-A7FC-4F6F-A7B0-382767134D58}.Debug|x86.ActiveCfg = Debug|Win32
		{277C73BB-A7FC-4F6F-A7B0-382767134D58}.Debug|x86.Build.0 = Debug|Win32
		{277C73BB-A7FC-4F6F-A7B0-382767134D58}.Release|Any CPU.ActiveCfg = Release|x64
		{277C73BB-A7FC-4F6F-A7B0-382767134D58}.Release|Any CPU.Build.0 = Release|x64
		{277C73BB-A7FC-4F6F-A7B0-382767134D58}.Release|x64.ActiveCfg = Release|x64
		{277C73BB-A7FC-4F6F-A7B0-382767134D58}.Release|x64.Build.0 = Release|x64
		{277C73BB-A7FC-4F6F-A7B0-382767134D58}.Release|x86.ActiveCfg = Release|Win32
		{277C73BB-A7FC-4F6F-A7B0-382767134D58}.Release|x86.Build.0 = Release|Win32
		{FF092F02-AC4F-4E08-BDB8-1D330A5FDB11}.Debug|Any CPU.ActiveCfg = Debug|x64
		{FF092F02-AC4F-4E08-BDB8-1D330A5FDB11}.Debug|Any CPU.Build.0 = Debug|x64
		{FF092F02-AC4F-4E08-BDB8-1D330A5FDB11}.Debug|x64.ActiveCfg = Debug|x64
		{FF092F02-AC4F-4E08-BDB8-1D330A5FDB11}.Debug|x64.Build.0 = Debug|x64
		{FF092F02-AC4F-4E08-BDB8-1D330A5FDB11}.Debug|x86.ActiveCfg = Debug|Win32
		{FF092F02-AC4F-4E08-BDB8-1D330A5FDB11}.Debug|x86.Build.0 = Debug|Win32
		{FF092F02-AC4F-4E08-BDB8-1D330A5FDB11}.Release|Any CPU.ActiveCfg = Release|x64
		{FF092F02-AC4F-4E08-BDB8-1D330A5FDB11}.Release|Any CPU.Build.0 = Release|x64
		{FF092F02-AC4F-4E08-BDB8-1D330A5FDB11}.Release|x64.ActiveCfg = Release|x64
		{FF092F02-AC4F-4E08-BDB8-1D330A5FDB11}.Release|x64.Build.0 = Release|x64
		{FF092F02-AC4F-4E08-BDB8-1D330A5FDB11}.Release|x86.ActiveCfg = Release|Win32
		{FF092F02-AC4F-4E08-BDB8-1D330A5FDB11}.Release|x86.Build.0 = Release|Win32
	EndGlobalSection
	GlobalSection(SolutionProperties) = preSolution
		HideSolutionNode = FALSE
	EndGlobalSection
	GlobalSection(ExtensibilityGlobals) = postSolution
		SolutionGuid = {0FB38A70-081D-47D6-9FAC-C5B86775E07E}
	EndGlobalSection
EndGlobal
